
Microsoft Visual Studio Solution File, Format Version 12.00
# Visual Studio Version 17
VisualStudioVersion = 17.7.33711.374
MinimumVisualStudioVersion = 10.0.40219.1
Project("{9A19103F-16F7-4668-BE54-9A1E7A4F7556}") = "Consulting", "Consulting\Consulting.csproj", "{6036AF05-29F9-44FE-8A3C-BF7E886FA43D}"
EndProject
Project("{9A19103F-16F7-4668-BE54-9A1E7A4F7556}") = "Cunsult.DataAcess", "Cunsulting.DataAccess\Cunsult.DataAcess.csproj", "{9D62E785-38FA-4DFF-890A-FB0031834F21}"
EndProject
Project("{9A19103F-16F7-4668-BE54-9A1E7A4F7556}") = "Consult.Models", "Consulting.Models\Consult.Models.csproj", "{F76BC348-97B2-4310-9CCF-F18D5BEC0F58}"
EndProject
Project("{9A19103F-16F7-4668-BE54-9A1E7A4F7556}") = "Consult.Utility", "Consulting.Utility\Consult.Utility.csproj", "{91240CC8-F9D2-4015-8D7D-598C9AFCB8ED}"
EndProject
Global
	GlobalSection(SolutionConfigurationPlatforms) = preSolution
		Debug|Any CPU = Debug|Any CPU
		Release|Any CPU = Release|Any CPU
	EndGlobalSection
	GlobalSection(ProjectConfigurationPlatforms) = postSolution
		{6036AF05-29F9-44FE-8A3C-BF7E886FA43D}.Debug|Any CPU.ActiveCfg = Debug|Any CPU
		{6036AF05-29F9-44FE-8A3C-BF7E886FA43D}.Debug|Any CPU.Build.0 = Debug|Any CPU
		{6036AF05-29F9-44FE-8A3C-BF7E886FA43D}.Release|Any CPU.ActiveCfg = Release|Any CPU
		{6036AF05-29F9-44FE-8A3C-BF7E886FA43D}.Release|Any CPU.Build.0 = Release|Any CPU
		{9D62E785-38FA-4DFF-890A-FB0031834F21}.Debug|Any CPU.ActiveCfg = Debug|Any CPU
		{9D62E785-38FA-4DFF-890A-FB0031834F21}.Debug|Any CPU.Build.0 = Debug|Any CPU
		{9D62E785-38FA-4DFF-890A-FB0031834F21}.Release|Any CPU.ActiveCfg = Release|Any CPU
		{9D62E785-38FA-4DFF-890A-FB0031834F21}.Release|Any CPU.Build.0 = Release|Any CPU
		{F76BC348-97B2-4310-9CCF-F18D5BEC0F58}.Debug|Any CPU.ActiveCfg = Debug|Any CPU
		{F76BC348-97B2-4310-9CCF-F18D5BEC0F58}.Debug|Any CPU.Build.0 = Debug|Any CPU
		{F76BC348-97B2-4310-9CCF-F18D5BEC0F58}.Release|Any CPU.ActiveCfg = Release|Any CPU
		{F76BC348-97B2-4310-9CCF-F18D5BEC0F58}.Release|Any CPU.Build.0 = Release|Any CPU
		{91240CC8-F9D2-4015-8D7D-598C9AFCB8ED}.Debug|Any CPU.ActiveCfg = Debug|Any CPU
		{91240CC8-F9D2-4015-8D7D-598C9AFCB8ED}.Debug|Any CPU.Build.0 = Debug|Any CPU
		{91240CC8-F9D2-4015-8D7D-598C9AFCB8ED}.Release|Any CPU.ActiveCfg = Release|Any CPU
		{91240CC8-F9D2-4015-8D7D-598C9AFCB8ED}.Release|Any CPU.Build.0 = Release|Any CPU
	EndGlobalSection
	GlobalSection(SolutionProperties) = preSolution
		HideSolutionNode = FALSE
	EndGlobalSection
	GlobalSection(ExtensibilityGlobals) = postSolution
		SolutionGuid = {21E2BD67-785D-4F53-9570-92673FB7F1CF}
	EndGlobalSection
EndGlobal
